
Microsoft Visual Studio Solution File, Format Version 12.00
# Visual Studio Version 16
VisualStudioVersion = 16.0.28729.10
MinimumVisualStudioVersion = 10.0.40219.1
Project("{FAE04EC0-301F-11D3-BF4B-00C04F79EFBC}") = "SokoNumberGame", "SokoNumberGame\SokoNumberGame.csproj", "{BC18D760-654A-45A0-AB56-8ABA9847D74E}"
EndProject
Global
	GlobalSection(SolutionConfigurationPlatforms) = preSolution
		Debug|Any CPU = Debug|Any CPU
		Release|Any CPU = Release|Any CPU
	EndGlobalSection
	GlobalSection(ProjectConfigurationPlatforms) = postSolution
		{BC18D760-654A-45A0-AB56-8ABA9847D74E}.Debug|Any CPU.ActiveCfg = Debug|Any CPU
		{BC18D760-654A-45A0-AB56-8ABA9847D74E}.Debug|Any CPU.Build.0 = Debug|Any CPU
		{BC18D760-654A-45A0-AB56-8ABA9847D74E}.Release|Any CPU.ActiveCfg = Release|Any CPU
		{BC18D760-654A-45A0-AB56-8ABA9847D74E}.Release|Any CPU.Build.0 = Release|Any CPU
	EndGlobalSection
	GlobalSection(SolutionProperties) = preSolution
		HideSolutionNode = FALSE
	EndGlobalSection
	GlobalSection(ExtensibilityGlobals) = postSolution
		SolutionGuid = {523C5489-0D90-4D5B-818B-0449688D908F}
	EndGlobalSection
EndGlobal
